// !$*UTF8*$!
{
	archiveVersion = 1;
	classes = {
	};
	objectVersion = 56;
	objects = {

/* Begin PBXBuildFile section */
		453D05C22A68CA0500D76296 /* SQBJSModuleLocation.swift in Sources */ = {isa = PBXBuildFile; fileRef = 453D05C12A68CA0500D76296 /* SQBJSModuleLocation.swift */; };
		453D05C42A68CA6100D76296 /* SQBJSCharacterPositionAsync.swift in Sources */ = {isa = PBXBuildFile; fileRef = 453D05C32A68CA6100D76296 /* SQBJSCharacterPositionAsync.swift */; };
		4566EED82A669ED300F8F595 /* AppDelegate.m in Sources */ = {isa = PBXBuildFile; fileRef = 4566EED72A669ED300F8F595 /* AppDelegate.m */; };
		4566EEDB2A669ED300F8F595 /* SceneDelegate.m in Sources */ = {isa = PBXBuildFile; fileRef = 4566EEDA2A669ED300F8F595 /* SceneDelegate.m */; };
		4566EEDE2A669ED300F8F595 /* ViewController.m in Sources */ = {isa = PBXBuildFile; fileRef = 4566EEDD2A669ED300F8F595 /* ViewController.m */; };
		4566EEE12A669ED300F8F595 /* Main.storyboard in Resources */ = {isa = PBXBuildFile; fileRef = 4566EEDF2A669ED300F8F595 /* Main.storyboard */; };
		4566EEE32A669ED600F8F595 /* Assets.xcassets in Resources */ = {isa = PBXBuildFile; fileRef = 4566EEE22A669ED600F8F595 /* Assets.xcassets */; };
		4566EEE62A669ED600F8F595 /* LaunchScreen.storyboard in Resources */ = {isa = PBXBuildFile; fileRef = 4566EEE42A669ED600F8F595 /* LaunchScreen.storyboard */; };
		4566EEE92A669ED600F8F595 /* main.m in Sources */ = {isa = PBXBuildFile; fileRef = 4566EEE82A669ED600F8F595 /* main.m */; };
		4566EF092A669FAA00F8F595 /* SQBJSContainer.m in Sources */ = {isa = PBXBuildFile; fileRef = 4566EEF12A669FAA00F8F595 /* SQBJSContainer.m */; };
		4566EF0A2A669FAA00F8F595 /* SQBJSContainer.swift in Sources */ = {isa = PBXBuildFile; fileRef = 4566EEF32A669FAA00F8F595 /* SQBJSContainer.swift */; };
		4566EF0B2A669FAA00F8F595 /* SQBJSModuleCore.m in Sources */ = {isa = PBXBuildFile; fileRef = 4566EEF62A669FAA00F8F595 /* SQBJSModuleCore.m */; };
		4566EF0C2A669FAA00F8F595 /* SQBJSManager.m in Sources */ = {isa = PBXBuildFile; fileRef = 4566EEF72A669FAA00F8F595 /* SQBJSManager.m */; };
		4566EF0D2A669FAA00F8F595 /* injection.json in Resources */ = {isa = PBXBuildFile; fileRef = 4566EEFA2A669FAA00F8F595 /* injection.json */; };
		4566EF0E2A669FAA00F8F595 /* global_core.js in Resources */ = {isa = PBXBuildFile; fileRef = 4566EEFB2A669FAA00F8F595 /* global_core.js */; };
		4566EF0F2A669FAA00F8F595 /* SQBJSCallArgv.m in Sources */ = {isa = PBXBuildFile; fileRef = 4566EEFD2A669FAA00F8F595 /* SQBJSCallArgv.m */; };
		4566EF102A669FAA00F8F595 /* SQBJSInject.m in Sources */ = {isa = PBXBuildFile; fileRef = 4566EEFF2A669FAA00F8F595 /* SQBJSInject.m */; };
		4566EF112A669FAA00F8F595 /* SQBJSResponse.m in Sources */ = {isa = PBXBuildFile; fileRef = 4566EF012A669FAA00F8F595 /* SQBJSResponse.m */; };
		4566EF122A669FAA00F8F595 /* module_system.js in Resources */ = {isa = PBXBuildFile; fileRef = 4566EF052A669FAA00F8F595 /* module_system.js */; };
		4566EF132A669FAA00F8F595 /* SQBJSCharacterEnvSync.swift in Sources */ = {isa = PBXBuildFile; fileRef = 4566EF072A669FAA00F8F595 /* SQBJSCharacterEnvSync.swift */; };
		4566EF142A669FAA00F8F595 /* SQBJSModuleSystem.swift in Sources */ = {isa = PBXBuildFile; fileRef = 4566EF082A669FAA00F8F595 /* SQBJSModuleSystem.swift */; };
		A65D68D8C12BAEBB644752E2 /* Pods_QuickJS_Test.framework in Frameworks */ = {isa = PBXBuildFile; fileRef = 961C61921E0FA813D2ED9F0D /* Pods_QuickJS_Test.framework */; };
/* End PBXBuildFile section */

/* Begin PBXFileReference section */
		1EC718364251BB9ADAEA5D59 /* Pods-QuickJS_Test.debug.xcconfig */ = {isa = PBXFileReference; includeInIndex = 1; lastKnownFileType = text.xcconfig; name = "Pods-QuickJS_Test.debug.xcconfig"; path = "Target Support Files/Pods-QuickJS_Test/Pods-QuickJS_Test.debug.xcconfig"; sourceTree = "<group>"; };
		453D05C12A68CA0500D76296 /* SQBJSModuleLocation.swift */ = {isa = PBXFileReference; lastKnownFileType = sourcecode.swift; path = SQBJSModuleLocation.swift; sourceTree = "<group>"; };
		453D05C32A68CA6100D76296 /* SQBJSCharacterPositionAsync.swift */ = {isa = PBXFileReference; lastKnownFileType = sourcecode.swift; path = SQBJSCharacterPositionAsync.swift; sourceTree = "<group>"; };
		4566EED32A669ED300F8F595 /* QuickJS_Test.app */ = {isa = PBXFileReference; explicitFileType = wrapper.application; includeInIndex = 0; path = QuickJS_Test.app; sourceTree = BUILT_PRODUCTS_DIR; };
		4566EED62A669ED300F8F595 /* AppDelegate.h */ = {isa = PBXFileReference; lastKnownFileType = sourcecode.c.h; path = AppDelegate.h; sourceTree = "<group>"; };
		4566EED72A669ED300F8F595 /* AppDelegate.m */ = {isa = PBXFileReference; lastKnownFileType = sourcecode.c.objc; path = AppDelegate.m; sourceTree = "<group>"; };
		4566EED92A669ED300F8F595 /* SceneDelegate.h */ = {isa = PBXFileReference; lastKnownFileType = sourcecode.c.h; path = SceneDelegate.h; sourceTree = "<group>"; };
		4566EEDA2A669ED300F8F595 /* SceneDelegate.m */ = {isa = PBXFileReference; lastKnownFileType = sourcecode.c.objc; path = SceneDelegate.m; sourceTree = "<group>"; };
		4566EEDC2A669ED300F8F595 /* ViewController.h */ = {isa = PBXFileReference; lastKnownFileType = sourcecode.c.h; path = ViewController.h; sourceTree = "<group>"; };
		4566EEDD2A669ED300F8F595 /* ViewController.m */ = {isa = PBXFileReference; lastKnownFileType = sourcecode.c.objc; path = ViewController.m; sourceTree = "<group>"; };
		4566EEE02A669ED300F8F595 /* Base */ = {isa = PBXFileReference; lastKnownFileType = file.storyboard; name = Base; path = Base.lproj/Main.storyboard; sourceTree = "<group>"; };
		4566EEE22A669ED600F8F595 /* Assets.xcassets */ = {isa = PBXFileReference; lastKnownFileType = folder.assetcatalog; path = Assets.xcassets; sourceTree = "<group>"; };
		4566EEE52A669ED600F8F595 /* Base */ = {isa = PBXFileReference; lastKnownFileType = file.storyboard; name = Base; path = Base.lproj/LaunchScreen.storyboard; sourceTree = "<group>"; };
		4566EEE72A669ED600F8F595 /* Info.plist */ = {isa = PBXFileReference; lastKnownFileType = text.plist.xml; path = Info.plist; sourceTree = "<group>"; };
		4566EEE82A669ED600F8F595 /* main.m */ = {isa = PBXFileReference; lastKnownFileType = sourcecode.c.objc; path = main.m; sourceTree = "<group>"; };
		4566EEF12A669FAA00F8F595 /* SQBJSContainer.m */ = {isa = PBXFileReference; fileEncoding = 4; lastKnownFileType = sourcecode.c.objc; path = SQBJSContainer.m; sourceTree = "<group>"; };
		4566EEF22A669FAA00F8F595 /* SQBJSModuleCore.h */ = {isa = PBXFileReference; fileEncoding = 4; lastKnownFileType = sourcecode.c.h; path = SQBJSModuleCore.h; sourceTree = "<group>"; };
		4566EEF32A669FAA00F8F595 /* SQBJSContainer.swift */ = {isa = PBXFileReference; fileEncoding = 4; lastKnownFileType = sourcecode.swift; path = SQBJSContainer.swift; sourceTree = "<group>"; };
		4566EEF42A669FAA00F8F595 /* SQBJSManager.h */ = {isa = PBXFileReference; fileEncoding = 4; lastKnownFileType = sourcecode.c.h; path = SQBJSManager.h; sourceTree = "<group>"; };
		4566EEF52A669FAA00F8F595 /* SQBJSContainer.h */ = {isa = PBXFileReference; fileEncoding = 4; lastKnownFileType = sourcecode.c.h; path = SQBJSContainer.h; sourceTree = "<group>"; };
		4566EEF62A669FAA00F8F595 /* SQBJSModuleCore.m */ = {isa = PBXFileReference; fileEncoding = 4; lastKnownFileType = sourcecode.c.objc; path = SQBJSModuleCore.m; sourceTree = "<group>"; };
		4566EEF72A669FAA00F8F595 /* SQBJSManager.m */ = {isa = PBXFileReference; fileEncoding = 4; lastKnownFileType = sourcecode.c.objc; path = SQBJSManager.m; sourceTree = "<group>"; };
		4566EEF82A669FAA00F8F595 /* SQBJSProtocols.h */ = {isa = PBXFileReference; fileEncoding = 4; lastKnownFileType = sourcecode.c.h; path = SQBJSProtocols.h; sourceTree = "<group>"; };
		4566EEFA2A669FAA00F8F595 /* injection.json */ = {isa = PBXFileReference; fileEncoding = 4; lastKnownFileType = text.json; path = injection.json; sourceTree = "<group>"; };
		4566EEFB2A669FAA00F8F595 /* global_core.js */ = {isa = PBXFileReference; fileEncoding = 4; lastKnownFileType = sourcecode.javascript; path = global_core.js; sourceTree = "<group>"; };
		4566EEFD2A669FAA00F8F595 /* SQBJSCallArgv.m */ = {isa = PBXFileReference; fileEncoding = 4; lastKnownFileType = sourcecode.c.objc; path = SQBJSCallArgv.m; sourceTree = "<group>"; };
		4566EEFE2A669FAA00F8F595 /* SQBJSResponse.h */ = {isa = PBXFileReference; fileEncoding = 4; lastKnownFileType = sourcecode.c.h; path = SQBJSResponse.h; sourceTree = "<group>"; };
		4566EEFF2A669FAA00F8F595 /* SQBJSInject.m */ = {isa = PBXFileReference; fileEncoding = 4; lastKnownFileType = sourcecode.c.objc; path = SQBJSInject.m; sourceTree = "<group>"; };
		4566EF002A669FAA00F8F595 /* SQBJSCallArgv.h */ = {isa = PBXFileReference; fileEncoding = 4; lastKnownFileType = sourcecode.c.h; path = SQBJSCallArgv.h; sourceTree = "<group>"; };
		4566EF012A669FAA00F8F595 /* SQBJSResponse.m */ = {isa = PBXFileReference; fileEncoding = 4; lastKnownFileType = sourcecode.c.objc; path = SQBJSResponse.m; sourceTree = "<group>"; };
		4566EF022A669FAA00F8F595 /* SQBJSInject.h */ = {isa = PBXFileReference; fileEncoding = 4; lastKnownFileType = sourcecode.c.h; path = SQBJSInject.h; sourceTree = "<group>"; };
		4566EF052A669FAA00F8F595 /* module_system.js */ = {isa = PBXFileReference; fileEncoding = 4; lastKnownFileType = sourcecode.javascript; path = module_system.js; sourceTree = "<group>"; };
		4566EF072A669FAA00F8F595 /* SQBJSCharacterEnvSync.swift */ = {isa = PBXFileReference; fileEncoding = 4; lastKnownFileType = sourcecode.swift; path = SQBJSCharacterEnvSync.swift; sourceTree = "<group>"; };
		4566EF082A669FAA00F8F595 /* SQBJSModuleSystem.swift */ = {isa = PBXFileReference; fileEncoding = 4; lastKnownFileType = sourcecode.swift; path = SQBJSModuleSystem.swift; sourceTree = "<group>"; };
		4566EF162A6778BD00F8F595 /* QuickJS_Test-Bridging-Header.h */ = {isa = PBXFileReference; lastKnownFileType = sourcecode.c.h; path = "QuickJS_Test-Bridging-Header.h"; sourceTree = "<group>"; };
		961C61921E0FA813D2ED9F0D /* Pods_QuickJS_Test.framework */ = {isa = PBXFileReference; explicitFileType = wrapper.framework; includeInIndex = 0; path = Pods_QuickJS_Test.framework; sourceTree = BUILT_PRODUCTS_DIR; };
		A29EE2FD470A511CF77761EC /* Pods-QuickJS_Test.release.xcconfig */ = {isa = PBXFileReference; includeInIndex = 1; lastKnownFileType = text.xcconfig; name = "Pods-QuickJS_Test.release.xcconfig"; path = "Target Support Files/Pods-QuickJS_Test/Pods-QuickJS_Test.release.xcconfig"; sourceTree = "<group>"; };
/* End PBXFileReference section */

/* Begin PBXFrameworksBuildPhase section */
		4566EED02A669ED300F8F595 /* Frameworks */ = {
			isa = PBXFrameworksBuildPhase;
			buildActionMask = 2147483647;
			files = (
				A65D68D8C12BAEBB644752E2 /* Pods_QuickJS_Test.framework in Frameworks */,
			);
			runOnlyForDeploymentPostprocessing = 0;
		};
/* End PBXFrameworksBuildPhase section */

/* Begin PBXGroup section */
		2ED18B481D06D967F469F92E /* Frameworks */ = {
			isa = PBXGroup;
			children = (
				961C61921E0FA813D2ED9F0D /* Pods_QuickJS_Test.framework */,
			);
			name = Frameworks;
			sourceTree = "<group>";
		};
		4566EECA2A669ED300F8F595 = {
			isa = PBXGroup;
			children = (
				4566EED52A669ED300F8F595 /* QuickJS_Test */,
				4566EED42A669ED300F8F595 /* Products */,
				6AC231CBDA380885EB65ABD5 /* Pods */,
				2ED18B481D06D967F469F92E /* Frameworks */,
			);
			sourceTree = "<group>";
		};
		4566EED42A669ED300F8F595 /* Products */ = {
			isa = PBXGroup;
			children = (
				4566EED32A669ED300F8F595 /* QuickJS_Test.app */,
			);
			name = Products;
			sourceTree = "<group>";
		};
		4566EED52A669ED300F8F595 /* QuickJS_Test */ = {
			isa = PBXGroup;
			children = (
				4566EEEF2A669FAA00F8F595 /* quickjs */,
				4566EED62A669ED300F8F595 /* AppDelegate.h */,
				4566EED72A669ED300F8F595 /* AppDelegate.m */,
				4566EED92A669ED300F8F595 /* SceneDelegate.h */,
				4566EEDA2A669ED300F8F595 /* SceneDelegate.m */,
				4566EEDC2A669ED300F8F595 /* ViewController.h */,
				4566EEDD2A669ED300F8F595 /* ViewController.m */,
				4566EEDF2A669ED300F8F595 /* Main.storyboard */,
				4566EEE22A669ED600F8F595 /* Assets.xcassets */,
				4566EEE42A669ED600F8F595 /* LaunchScreen.storyboard */,
				4566EEE72A669ED600F8F595 /* Info.plist */,
				4566EEE82A669ED600F8F595 /* main.m */,
				4566EF162A6778BD00F8F595 /* QuickJS_Test-Bridging-Header.h */,
			);
			path = QuickJS_Test;
			sourceTree = "<group>";
		};
		4566EEEF2A669FAA00F8F595 /* quickjs */ = {
			isa = PBXGroup;
			children = (
				4566EEF02A669FAA00F8F595 /* core */,
				4566EEF92A669FAA00F8F595 /* resources */,
				4566EEFC2A669FAA00F8F595 /* models */,
				4566EF032A669FAA00F8F595 /* modules */,
			);
			path = quickjs;
			sourceTree = "<group>";
		};
		4566EEF02A669FAA00F8F595 /* core */ = {
			isa = PBXGroup;
			children = (
				4566EEF22A669FAA00F8F595 /* SQBJSModuleCore.h */,
				4566EEF62A669FAA00F8F595 /* SQBJSModuleCore.m */,
				4566EEF52A669FAA00F8F595 /* SQBJSContainer.h */,
				4566EEF12A669FAA00F8F595 /* SQBJSContainer.m */,
				4566EEF32A669FAA00F8F595 /* SQBJSContainer.swift */,
				4566EEF42A669FAA00F8F595 /* SQBJSManager.h */,
				4566EEF72A669FAA00F8F595 /* SQBJSManager.m */,
				4566EEF82A669FAA00F8F595 /* SQBJSProtocols.h */,
			);
			path = core;
			sourceTree = "<group>";
		};
		4566EEF92A669FAA00F8F595 /* resources */ = {
			isa = PBXGroup;
			children = (
				4566EEFA2A669FAA00F8F595 /* injection.json */,
				4566EEFB2A669FAA00F8F595 /* global_core.js */,
			);
			path = resources;
			sourceTree = "<group>";
		};
		4566EEFC2A669FAA00F8F595 /* models */ = {
			isa = PBXGroup;
			children = (
				4566EF002A669FAA00F8F595 /* SQBJSCallArgv.h */,
				4566EEFD2A669FAA00F8F595 /* SQBJSCallArgv.m */,
				4566EEFE2A669FAA00F8F595 /* SQBJSResponse.h */,
				4566EF012A669FAA00F8F595 /* SQBJSResponse.m */,
				4566EF022A669FAA00F8F595 /* SQBJSInject.h */,
				4566EEFF2A669FAA00F8F595 /* SQBJSInject.m */,
			);
			path = models;
			sourceTree = "<group>";
		};
		4566EF032A669FAA00F8F595 /* modules */ = {
			isa = PBXGroup;
			children = (
				4566EF042A669FAA00F8F595 /* system */,
			);
			path = modules;
			sourceTree = "<group>";
		};
		4566EF042A669FAA00F8F595 /* system */ = {
			isa = PBXGroup;
			children = (
				4566EF052A669FAA00F8F595 /* module_system.js */,
				4566EF062A669FAA00F8F595 /* sync */,
				4566EF082A669FAA00F8F595 /* SQBJSModuleSystem.swift */,
				453D05C12A68CA0500D76296 /* SQBJSModuleLocation.swift */,
			);
			path = system;
			sourceTree = "<group>";
		};
		4566EF062A669FAA00F8F595 /* sync */ = {
			isa = PBXGroup;
			children = (
				4566EF072A669FAA00F8F595 /* SQBJSCharacterEnvSync.swift */,
				453D05C32A68CA6100D76296 /* SQBJSCharacterPositionAsync.swift */,
			);
			path = sync;
			sourceTree = "<group>";
		};
		6AC231CBDA380885EB65ABD5 /* Pods */ = {
			isa = PBXGroup;
			children = (
				1EC718364251BB9ADAEA5D59 /* Pods-QuickJS_Test.debug.xcconfig */,
				A29EE2FD470A511CF77761EC /* Pods-QuickJS_Test.release.xcconfig */,
			);
			path = Pods;
			sourceTree = "<group>";
		};
/* End PBXGroup section */

/* Begin PBXNativeTarget section */
		4566EED22A669ED300F8F595 /* QuickJS_Test */ = {
			isa = PBXNativeTarget;
			buildConfigurationList = 4566EEEC2A669ED600F8F595 /* Build configuration list for PBXNativeTarget "QuickJS_Test" */;
			buildPhases = (
				5A3D6E4F54412F07A040B673 /* [CP] Check Pods Manifest.lock */,
				4566EECF2A669ED300F8F595 /* Sources */,
				4566EED02A669ED300F8F595 /* Frameworks */,
				4566EED12A669ED300F8F595 /* Resources */,
				508A66F2F3F4C5055069D2EF /* [CP] Embed Pods Frameworks */,
			);
			buildRules = (
			);
			dependencies = (
			);
			name = QuickJS_Test;
			productName = QuickJS_Test;
			productReference = 4566EED32A669ED300F8F595 /* QuickJS_Test.app */;
			productType = "com.apple.product-type.application";
		};
/* End PBXNativeTarget section */

/* Begin PBXProject section */
		4566EECB2A669ED300F8F595 /* Project object */ = {
			isa = PBXProject;
			attributes = {
				BuildIndependentTargetsInParallel = 1;
				LastUpgradeCheck = 1430;
				TargetAttributes = {
					4566EED22A669ED300F8F595 = {
						CreatedOnToolsVersion = 14.3;
					};
				};
			};
			buildConfigurationList = 4566EECE2A669ED300F8F595 /* Build configuration list for PBXProject "QuickJS_Test" */;
			compatibilityVersion = "Xcode 14.0";
			developmentRegion = en;
			hasScannedForEncodings = 0;
			knownRegions = (
				en,
				Base,
			);
			mainGroup = 4566EECA2A669ED300F8F595;
			productRefGroup = 4566EED42A669ED300F8F595 /* Products */;
			projectDirPath = "";
			projectRoot = "";
			targets = (
				4566EED22A669ED300F8F595 /* QuickJS_Test */,
			);
		};
/* End PBXProject section */

/* Begin PBXResourcesBuildPhase section */
		4566EED12A669ED300F8F595 /* Resources */ = {
			isa = PBXResourcesBuildPhase;
			buildActionMask = 2147483647;
			files = (
				4566EF0E2A669FAA00F8F595 /* global_core.js in Resources */,
				4566EEE62A669ED600F8F595 /* LaunchScreen.storyboard in Resources */,
				4566EF0D2A669FAA00F8F595 /* injection.json in Resources */,
				4566EF122A669FAA00F8F595 /* module_system.js in Resources */,
				4566EEE32A669ED600F8F595 /* Assets.xcassets in Resources */,
				4566EEE12A669ED300F8F595 /* Main.storyboard in Resources */,
			);
			runOnlyForDeploymentPostprocessing = 0;
		};
/* End PBXResourcesBuildPhase section */

/* Begin PBXShellScriptBuildPhase section */
		508A66F2F3F4C5055069D2EF /* [CP] Embed Pods Frameworks */ = {
			isa = PBXShellScriptBuildPhase;
			buildActionMask = 2147483647;
			files = (
			);
			inputFileListPaths = (
				"${PODS_ROOT}/Target Support Files/Pods-QuickJS_Test/Pods-QuickJS_Test-frameworks-${CONFIGURATION}-input-files.xcfilelist",
			);
			name = "[CP] Embed Pods Frameworks";
			outputFileListPaths = (
				"${PODS_ROOT}/Target Support Files/Pods-QuickJS_Test/Pods-QuickJS_Test-frameworks-${CONFIGURATION}-output-files.xcfilelist",
			);
			runOnlyForDeploymentPostprocessing = 0;
			shellPath = /bin/sh;
			shellScript = "\"${PODS_ROOT}/Target Support Files/Pods-QuickJS_Test/Pods-QuickJS_Test-frameworks.sh\"\n";
			showEnvVarsInLog = 0;
		};
		5A3D6E4F54412F07A040B673 /* [CP] Check Pods Manifest.lock */ = {
			isa = PBXShellScriptBuildPhase;
			buildActionMask = 2147483647;
			files = (
			);
			inputFileListPaths = (
			);
			inputPaths = (
				"${PODS_PODFILE_DIR_PATH}/Podfile.lock",
				"${PODS_ROOT}/Manifest.lock",
			);
			name = "[CP] Check Pods Manifest.lock";
			outputFileListPaths = (
			);
			outputPaths = (
				"$(DERIVED_FILE_DIR)/Pods-QuickJS_Test-checkManifestLockResult.txt",
			);
			runOnlyForDeploymentPostprocessing = 0;
			shellPath = /bin/sh;
			shellScript = "diff \"${PODS_PODFILE_DIR_PATH}/Podfile.lock\" \"${PODS_ROOT}/Manifest.lock\" > /dev/null\nif [ $? != 0 ] ; then\n    # print error to STDERR\n    echo \"error: The sandbox is not in sync with the Podfile.lock. Run 'pod install' or update your CocoaPods installation.\" >&2\n    exit 1\nfi\n# This output is used by Xcode 'outputs' to avoid re-running this script phase.\necho \"SUCCESS\" > \"${SCRIPT_OUTPUT_FILE_0}\"\n";
			showEnvVarsInLog = 0;
		};
/* End PBXShellScriptBuildPhase section */

/* Begin PBXSourcesBuildPhase section */
		4566EECF2A669ED300F8F595 /* Sources */ = {
			isa = PBXSourcesBuildPhase;
			buildActionMask = 2147483647;
			files = (
				4566EEDE2A669ED300F8F595 /* ViewController.m in Sources */,
				4566EED82A669ED300F8F595 /* AppDelegate.m in Sources */,
				4566EF142A669FAA00F8F595 /* SQBJSModuleSystem.swift in Sources */,
				4566EF112A669FAA00F8F595 /* SQBJSResponse.m in Sources */,
				4566EF092A669FAA00F8F595 /* SQBJSContainer.m in Sources */,
				4566EEE92A669ED600F8F595 /* main.m in Sources */,
				4566EF0B2A669FAA00F8F595 /* SQBJSModuleCore.m in Sources */,
				4566EF132A669FAA00F8F595 /* SQBJSCharacterEnvSync.swift in Sources */,
				4566EF0F2A669FAA00F8F595 /* SQBJSCallArgv.m in Sources */,
				4566EF102A669FAA00F8F595 /* SQBJSInject.m in Sources */,
				4566EF0C2A669FAA00F8F595 /* SQBJSManager.m in Sources */,
				4566EEDB2A669ED300F8F595 /* SceneDelegate.m in Sources */,
				453D05C22A68CA0500D76296 /* SQBJSModuleLocation.swift in Sources */,
				4566EF0A2A669FAA00F8F595 /* SQBJSContainer.swift in Sources */,
				453D05C42A68CA6100D76296 /* SQBJSCharacterPositionAsync.swift in Sources */,
			);
			runOnlyForDeploymentPostprocessing = 0;
		};
/* End PBXSourcesBuildPhase section */

/* Begin PBXVariantGroup section */
		4566EEDF2A669ED300F8F595 /* Main.storyboard */ = {
			isa = PBXVariantGroup;
			children = (
				4566EEE02A669ED300F8F595 /* Base */,
			);
			name = Main.storyboard;
			sourceTree = "<group>";
		};
		4566EEE42A669ED600F8F595 /* LaunchScreen.storyboard */ = {
			isa = PBXVariantGroup;
			children = (
				4566EEE52A669ED600F8F595 /* Base */,
			);
			name = LaunchScreen.storyboard;
			sourceTree = "<group>";
		};
/* End PBXVariantGroup section */

/* Begin XCBuildConfiguration section */
		4566EEEA2A669ED600F8F595 /* Debug */ = {
			isa = XCBuildConfiguration;
			buildSettings = {
				ALWAYS_SEARCH_USER_PATHS = NO;
				CLANG_ANALYZER_NONNULL = YES;
				CLANG_ANALYZER_NUMBER_OBJECT_CONVERSION = YES_AGGRESSIVE;
				CLANG_CXX_LANGUAGE_STANDARD = "gnu++20";
				CLANG_ENABLE_MODULES = YES;
				CLANG_ENABLE_OBJC_ARC = YES;
				CLANG_ENABLE_OBJC_WEAK = YES;
				CLANG_WARN_BLOCK_CAPTURE_AUTORELEASING = YES;
				CLANG_WARN_BOOL_CONVERSION = YES;
				CLANG_WARN_COMMA = YES;
				CLANG_WARN_CONSTANT_CONVERSION = YES;
				CLANG_WARN_DEPRECATED_OBJC_IMPLEMENTATIONS = YES;
				CLANG_WARN_DIRECT_OBJC_ISA_USAGE = YES_ERROR;
				CLANG_WARN_DOCUMENTATION_COMMENTS = YES;
				CLANG_WARN_EMPTY_BODY = YES;
				CLANG_WARN_ENUM_CONVERSION = YES;
				CLANG_WARN_INFINITE_RECURSION = YES;
				CLANG_WARN_INT_CONVERSION = YES;
				CLANG_WARN_NON_LITERAL_NULL_CONVERSION = YES;
				CLANG_WARN_OBJC_IMPLICIT_RETAIN_SELF = YES;
				CLANG_WARN_OBJC_LITERAL_CONVERSION = YES;
				CLANG_WARN_OBJC_ROOT_CLASS = YES_ERROR;
				CLANG_WARN_QUOTED_INCLUDE_IN_FRAMEWORK_HEADER = YES;
				CLANG_WARN_RANGE_LOOP_ANALYSIS = YES;
				CLANG_WARN_STRICT_PROTOTYPES = YES;
				CLANG_WARN_SUSPICIOUS_MOVE = YES;
				CLANG_WARN_UNGUARDED_AVAILABILITY = YES_AGGRESSIVE;
				CLANG_WARN_UNREACHABLE_CODE = YES;
				CLANG_WARN__DUPLICATE_METHOD_MATCH = YES;
				COPY_PHASE_STRIP = NO;
				DEBUG_INFORMATION_FORMAT = dwarf;
				ENABLE_STRICT_OBJC_MSGSEND = YES;
				ENABLE_TESTABILITY = YES;
				GCC_C_LANGUAGE_STANDARD = gnu11;
				GCC_DYNAMIC_NO_PIC = NO;
				GCC_NO_COMMON_BLOCKS = YES;
				GCC_OPTIMIZATION_LEVEL = 0;
				GCC_PREPROCESSOR_DEFINITIONS = (
					"DEBUG=1",
					"$(inherited)",
				);
				GCC_WARN_64_TO_32_BIT_CONVERSION = YES;
				GCC_WARN_ABOUT_RETURN_TYPE = YES_ERROR;
				GCC_WARN_UNDECLARED_SELECTOR = YES;
				GCC_WARN_UNINITIALIZED_AUTOS = YES_AGGRESSIVE;
				GCC_WARN_UNUSED_FUNCTION = YES;
				GCC_WARN_UNUSED_VARIABLE = YES;
				IPHONEOS_DEPLOYMENT_TARGET = 16.4;
				MTL_ENABLE_DEBUG_INFO = INCLUDE_SOURCE;
				MTL_FAST_MATH = YES;
				ONLY_ACTIVE_ARCH = YES;
				SDKROOT = iphoneos;
				SWIFT_OBJC_BRIDGING_HEADER = "/Users/zhangjianming/Desktop/quickjs/QuickJS_Test/QuickJS_Test/QuickJS_Test-Bridging-Header.h";
				SWIFT_PRECOMPILE_BRIDGING_HEADER = YES;
				SWIFT_VERSION = 5.0;
			};
			name = Debug;
		};
		4566EEEB2A669ED600F8F595 /* Release */ = {
			isa = XCBuildConfiguration;
			buildSettings = {
				ALWAYS_SEARCH_USER_PATHS = NO;
				CLANG_ANALYZER_NONNULL = YES;
				CLANG_ANALYZER_NUMBER_OBJECT_CONVERSION = YES_AGGRESSIVE;
				CLANG_CXX_LANGUAGE_STANDARD = "gnu++20";
				CLANG_ENABLE_MODULES = YES;
				CLANG_ENABLE_OBJC_ARC = YES;
				CLANG_ENABLE_OBJC_WEAK = YES;
				CLANG_WARN_BLOCK_CAPTURE_AUTORELEASING = YES;
				CLANG_WARN_BOOL_CONVERSION = YES;
				CLANG_WARN_COMMA = YES;
				CLANG_WARN_CONSTANT_CONVERSION = YES;
				CLANG_WARN_DEPRECATED_OBJC_IMPLEMENTATIONS = YES;
				CLANG_WARN_DIRECT_OBJC_ISA_USAGE = YES_ERROR;
				CLANG_WARN_DOCUMENTATION_COMMENTS = YES;
				CLANG_WARN_EMPTY_BODY = YES;
				CLANG_WARN_ENUM_CONVERSION = YES;
				CLANG_WARN_INFINITE_RECURSION = YES;
				CLANG_WARN_INT_CONVERSION = YES;
				CLANG_WARN_NON_LITERAL_NULL_CONVERSION = YES;
				CLANG_WARN_OBJC_IMPLICIT_RETAIN_SELF = YES;
				CLANG_WARN_OBJC_LITERAL_CONVERSION = YES;
				CLANG_WARN_OBJC_ROOT_CLASS = YES_ERROR;
				CLANG_WARN_QUOTED_INCLUDE_IN_FRAMEWORK_HEADER = YES;
				CLANG_WARN_RANGE_LOOP_ANALYSIS = YES;
				CLANG_WARN_STRICT_PROTOTYPES = YES;
				CLANG_WARN_SUSPICIOUS_MOVE = YES;
				CLANG_WARN_UNGUARDED_AVAILABILITY = YES_AGGRESSIVE;
				CLANG_WARN_UNREACHABLE_CODE = YES;
				CLANG_WARN__DUPLICATE_METHOD_MATCH = YES;
				COPY_PHASE_STRIP = NO;
				DEBUG_INFORMATION_FORMAT = "dwarf-with-dsym";
				ENABLE_NS_ASSERTIONS = NO;
				ENABLE_STRICT_OBJC_MSGSEND = YES;
				GCC_C_LANGUAGE_STANDARD = gnu11;
				GCC_NO_COMMON_BLOCKS = YES;
				GCC_WARN_64_TO_32_BIT_CONVERSION = YES;
				GCC_WARN_ABOUT_RETURN_TYPE = YES_ERROR;
				GCC_WARN_UNDECLARED_SELECTOR = YES;
				GCC_WARN_UNINITIALIZED_AUTOS = YES_AGGRESSIVE;
				GCC_WARN_UNUSED_FUNCTION = YES;
				GCC_WARN_UNUSED_VARIABLE = YES;
				IPHONEOS_DEPLOYMENT_TARGET = 16.4;
				MTL_ENABLE_DEBUG_INFO = NO;
				MTL_FAST_MATH = YES;
				SDKROOT = iphoneos;
				SWIFT_OBJC_BRIDGING_HEADER = "/Users/zhangjianming/Desktop/quickjs/QuickJS_Test/QuickJS_Test/QuickJS_Test-Bridging-Header.h";
				SWIFT_PRECOMPILE_BRIDGING_HEADER = YES;
				SWIFT_VERSION = 5.0;
				VALIDATE_PRODUCT = YES;
			};
			name = Release;
		};
		4566EEED2A669ED600F8F595 /* Debug */ = {
			isa = XCBuildConfiguration;
			baseConfigurationReference = 1EC718364251BB9ADAEA5D59 /* Pods-QuickJS_Test.debug.xcconfig */;
			buildSettings = {
				ASSETCATALOG_COMPILER_APPICON_NAME = AppIcon;
				ASSETCATALOG_COMPILER_GLOBAL_ACCENT_COLOR_NAME = AccentColor;
				CODE_SIGN_STYLE = Automatic;
				CURRENT_PROJECT_VERSION = 1;
				GENERATE_INFOPLIST_FILE = YES;
				INFOPLIST_FILE = QuickJS_Test/Info.plist;
				INFOPLIST_KEY_UIApplicationSupportsIndirectInputEvents = YES;
				INFOPLIST_KEY_UILaunchStoryboardName = LaunchScreen;
				INFOPLIST_KEY_UIMainStoryboardFile = Main;
				INFOPLIST_KEY_UISupportedInterfaceOrientations_iPad = "UIInterfaceOrientationPortrait UIInterfaceOrientationPortraitUpsideDown UIInterfaceOrientationLandscapeLeft UIInterfaceOrientationLandscapeRight";
				INFOPLIST_KEY_UISupportedInterfaceOrientations_iPhone = "UIInterfaceOrientationPortrait UIInterfaceOrientationLandscapeLeft UIInterfaceOrientationLandscapeRight";
				LD_RUNPATH_SEARCH_PATHS = (
					"$(inherited)",
					"@executable_path/Frameworks",
				);
				MARKETING_VERSION = 1.0;
				PRODUCT_BUNDLE_IDENTIFIER = "istig.QuickJS-Test";
				PRODUCT_NAME = "$(TARGET_NAME)";
				SWIFT_EMIT_LOC_STRINGS = YES;
				TARGETED_DEVICE_FAMILY = "1,2";
			};
			name = Debug;
		};
		4566EEEE2A669ED600F8F595 /* Release */ = {
			isa = XCBuildConfiguration;
			baseConfigurationReference = A29EE2FD470A511CF77761EC /* Pods-QuickJS_Test.release.xcconfig */;
			buildSettings = {
				ASSETCATALOG_COMPILER_APPICON_NAME = AppIcon;
				ASSETCATALOG_COMPILER_GLOBAL_ACCENT_COLOR_NAME = AccentColor;
				CODE_SIGN_STYLE = Automatic;
				CURRENT_PROJECT_VERSION = 1;
				GENERATE_INFOPLIST_FILE = YES;
				INFOPLIST_FILE = QuickJS_Test/Info.plist;
				INFOPLIST_KEY_UIApplicationSupportsIndirectInputEvents = YES;
				INFOPLIST_KEY_UILaunchStoryboardName = LaunchScreen;
				INFOPLIST_KEY_UIMainStoryboardFile = Main;
				INFOPLIST_KEY_UISupportedInterfaceOrientations_iPad = "UIInterfaceOrientationPortrait UIInterfaceOrientationPortraitUpsideDown UIInterfaceOrientationLandscapeLeft UIInterfaceOrientationLandscapeRight";
				INFOPLIST_KEY_UISupportedInterfaceOrientations_iPhone = "UIInterfaceOrientationPortrait UIInterfaceOrientationLandscapeLeft UIInterfaceOrientationLandscapeRight";
				LD_RUNPATH_SEARCH_PATHS = (
					"$(inherited)",
					"@executable_path/Frameworks",
				);
				MARKETING_VERSION = 1.0;
				PRODUCT_BUNDLE_IDENTIFIER = "istig.QuickJS-Test";
				PRODUCT_NAME = "$(TARGET_NAME)";
				SWIFT_EMIT_LOC_STRINGS = YES;
				TARGETED_DEVICE_FAMILY = "1,2";
			};
			name = Release;
		};
/* End XCBuildConfiguration section */

/* Begin XCConfigurationList section */
		4566EECE2A669ED300F8F595 /* Build configuration list for PBXProject "QuickJS_Test" */ = {
			isa = XCConfigurationList;
			buildConfigurations = (
				4566EEEA2A669ED600F8F595 /* Debug */,
				4566EEEB2A669ED600F8F595 /* Release */,
			);
			defaultConfigurationIsVisible = 0;
			defaultConfigurationName = Release;
		};
		4566EEEC2A669ED600F8F595 /* Build configuration list for PBXNativeTarget "QuickJS_Test" */ = {
			isa = XCConfigurationList;
			buildConfigurations = (
				4566EEED2A669ED600F8F595 /* Debug */,
				4566EEEE2A669ED600F8F595 /* Release */,
			);
			defaultConfigurationIsVisible = 0;
			defaultConfigurationName = Release;
		};
/* End XCConfigurationList section */
	};
	rootObject = 4566EECB2A669ED300F8F595 /* Project object */;
}
